
Microsoft Visual Studio Solution File, Format Version 12.00
# Visual Studio 15
VisualStudioVersion = 15.0.27130.2010
MinimumVisualStudioVersion = 10.0.40219.1
Project("{9A19103F-16F7-4668-BE54-9A1E7A4F7556}") = "BillBot.Core", "BillBot.Core\BillBot.Core.csproj", "{2DF2606B-E7F7-4C54-BBB0-7224F607AEC9}"
EndProject
Project("{9A19103F-16F7-4668-BE54-9A1E7A4F7556}") = "BillBot.Database", "BillBot.Database\BillBot.Database.csproj", "{4DFCC131-3003-4E65-899A-EAAD6AB30021}"
EndProject
Project("{FAE04EC0-301F-11D3-BF4B-00C04F79EFBC}") = "BillBot.WebAPI", "BillBot.WebAPI\BillBot.WebAPI.csproj", "{567F5570-3415-44F8-9C39-1AE4020435CC}"
EndProject
Global
	GlobalSection(SolutionConfigurationPlatforms) = preSolution
		Debug|Any CPU = Debug|Any CPU
		Release|Any CPU = Release|Any CPU
	EndGlobalSection
	GlobalSection(ProjectConfigurationPlatforms) = postSolution
		{2DF2606B-E7F7-4C54-BBB0-7224F607AEC9}.Debug|Any CPU.ActiveCfg = Debug|Any CPU
		{2DF2606B-E7F7-4C54-BBB0-7224F607AEC9}.Debug|Any CPU.Build.0 = Debug|Any CPU
		{2DF2606B-E7F7-4C54-BBB0-7224F607AEC9}.Release|Any CPU.ActiveCfg = Release|Any CPU
		{2DF2606B-E7F7-4C54-BBB0-7224F607AEC9}.Release|Any CPU.Build.0 = Release|Any CPU
		{4DFCC131-3003-4E65-899A-EAAD6AB30021}.Debug|Any CPU.ActiveCfg = Debug|Any CPU
		{4DFCC131-3003-4E65-899A-EAAD6AB30021}.Debug|Any CPU.Build.0 = Debug|Any CPU
		{4DFCC131-3003-4E65-899A-EAAD6AB30021}.Release|Any CPU.ActiveCfg = Release|Any CPU
		{4DFCC131-3003-4E65-899A-EAAD6AB30021}.Release|Any CPU.Build.0 = Release|Any CPU
		{567F5570-3415-44F8-9C39-1AE4020435CC}.Debug|Any CPU.ActiveCfg = Debug|Any CPU
		{567F5570-3415-44F8-9C39-1AE4020435CC}.Debug|Any CPU.Build.0 = Debug|Any CPU
		{567F5570-3415-44F8-9C39-1AE4020435CC}.Release|Any CPU.ActiveCfg = Release|Any CPU
		{567F5570-3415-44F8-9C39-1AE4020435CC}.Release|Any CPU.Build.0 = Release|Any CPU
	EndGlobalSection
	GlobalSection(SolutionProperties) = preSolution
		HideSolutionNode = FALSE
	EndGlobalSection
	GlobalSection(ExtensibilityGlobals) = postSolution
		SolutionGuid = {33BB560D-0CC1-4049-BD8F-22CDA05C5F7D}
	EndGlobalSection
EndGlobal
